
Microsoft Visual Studio Solution File, Format Version 12.00
# Visual Studio 2013
VisualStudioVersion = 12.0.21005.1
MinimumVisualStudioVersion = 10.0.40219.1
Project("{8BC9CEB8-8B4A-11D0-8D11-00A0C91BC942}") = "DZ_05.04.15_1_WinAPI", "DZ_05.04.15_1_WinAPI\DZ_05.04.15_1_WinAPI.vcxproj", "{F03641C0-F734-4C71-8967-7AB2E7CA7727}"
EndProject
Global
	GlobalSection(SolutionConfigurationPlatforms) = preSolution
		Debug|Win32 = Debug|Win32
		Release|Win32 = Release|Win32
	EndGlobalSection
	GlobalSection(ProjectConfigurationPlatforms) = postSolution
		{F03641C0-F734-4C71-8967-7AB2E7CA7727}.Debug|Win32.ActiveCfg = Debug|Win32
		{F03641C0-F734-4C71-8967-7AB2E7CA7727}.Debug|Win32.Build.0 = Debug|Win32
		{F03641C0-F734-4C71-8967-7AB2E7CA7727}.Release|Win32.ActiveCfg = Release|Win32
		{F03641C0-F734-4C71-8967-7AB2E7CA7727}.Release|Win32.Build.0 = Release|Win32
	EndGlobalSection
	GlobalSection(SolutionProperties) = preSolution
		HideSolutionNode = FALSE
	EndGlobalSection
EndGlobal
